
Microsoft Visual Studio Solution File, Format Version 12.00
# Visual Studio Version 17
VisualStudioVersion = 17.5.002.0
MinimumVisualStudioVersion = 10.0.40219.1
Project("{9A19103F-16F7-4668-BE54-9A1E7A4F7556}") = "TextEditor", "TextEditor.csproj", "{2141E9E3-FBC0-4AF7-A43E-68F9FD9395AF}"
EndProject
Global
	GlobalSection(SolutionConfigurationPlatforms) = preSolution
		Debug|Any CPU = Debug|Any CPU
		Release|Any CPU = Release|Any CPU
	EndGlobalSection
	GlobalSection(ProjectConfigurationPlatforms) = postSolution
		{2141E9E3-FBC0-4AF7-A43E-68F9FD9395AF}.Debug|Any CPU.ActiveCfg = Debug|Any CPU
		{2141E9E3-FBC0-4AF7-A43E-68F9FD9395AF}.Debug|Any CPU.Build.0 = Debug|Any CPU
		{2141E9E3-FBC0-4AF7-A43E-68F9FD9395AF}.Release|Any CPU.ActiveCfg = Release|Any CPU
		{2141E9E3-FBC0-4AF7-A43E-68F9FD9395AF}.Release|Any CPU.Build.0 = Release|Any CPU
	EndGlobalSection
	GlobalSection(SolutionProperties) = preSolution
		HideSolutionNode = FALSE
	EndGlobalSection
	GlobalSection(ExtensibilityGlobals) = postSolution
		SolutionGuid = {F0873F77-3CC1-4078-A0D3-05FF6A406D25}
	EndGlobalSection
EndGlobal
